Microsoft Visual Studio Solution File, Format Version 12.00
# Visual Studio Version 17
VisualStudioVersion = 17.5.2.0
MinimumVisualStudioVersion = 10.0.40219.1
Project("{FAE04EC0-301F-11D3-BF4B-00C04F79EFBC}") = "Backend.Tests", "Backend.Tests.csproj", "{CEC5ED77-B58F-F486-6E19-C925C46F681E}"
EndProject
Global
	GlobalSection(SolutionConfigurationPlatforms) = preSolution
		Debug|Any CPU = Debug|Any CPU
		Release|Any CPU = Release|Any CPU
	EndGlobalSection
	GlobalSection(ProjectConfigurationPlatforms) = postSolution
		{CEC5ED77-B58F-F486-6E19-C925C46F681E}.Debug|Any CPU.ActiveCfg = Debug|Any CPU
		{CEC5ED77-B58F-F486-6E19-C925C46F681E}.Debug|Any CPU.Build.0 = Debug|Any CPU
		{CEC5ED77-B58F-F486-6E19-C925C46F681E}.Release|Any CPU.ActiveCfg = Release|Any CPU
		{CEC5ED77-B58F-F486-6E19-C925C46F681E}.Release|Any CPU.Build.0 = Release|Any CPU
	EndGlobalSection
	GlobalSection(SolutionProperties) = preSolution
		HideSolutionNode = FALSE
	EndGlobalSection
	GlobalSection(ExtensibilityGlobals) = postSolution
		SolutionGuid = {0F79A3B7-9028-4E0C-B96F-32754FB690DF}
	EndGlobalSection
EndGlobal
